
Microsoft Visual Studio Solution File, Format Version 12.00
# Visual Studio Version 17
VisualStudioVersion = 17.9.34723.18
MinimumVisualStudioVersion = 10.0.40219.1
Project("{8BC9CEB8-8B4A-11D0-8D11-00A0C91BC942}") = "PG02評価課題２", "PG02評価課題２.vcxproj", "{D45B30B2-4D8B-47A0-9290-F21B340D0611}"
EndProject
Global
	GlobalSection(SolutionConfigurationPlatforms) = preSolution
		Debug|x64 = Debug|x64
		Release|x64 = Release|x64
	EndGlobalSection
	GlobalSection(ProjectConfigurationPlatforms) = postSolution
		{D45B30B2-4D8B-47A0-9290-F21B340D0611}.Debug|x64.ActiveCfg = Debug|x64
		{D45B30B2-4D8B-47A0-9290-F21B340D0611}.Debug|x64.Build.0 = Debug|x64
		{D45B30B2-4D8B-47A0-9290-F21B340D0611}.Release|x64.ActiveCfg = Release|x64
		{D45B30B2-4D8B-47A0-9290-F21B340D0611}.Release|x64.Build.0 = Release|x64
	EndGlobalSection
	GlobalSection(SolutionProperties) = preSolution
		HideSolutionNode = FALSE
	EndGlobalSection
	GlobalSection(ExtensibilityGlobals) = postSolution
		SolutionGuid = {D12B9358-5186-47FA-8C59-09DFDFB5C8A2}
	EndGlobalSection
EndGlobal
